{
  "name": "@nrkn/treescript",
  "version": "0.1.3",
  "lockfileVersion": 3,
  "requires": true,
  "packages": {
    "": {
      "name": "@nrkn/treescript",
      "version": "0.1.3",
      "license": "MIT",
      "devDependencies": {
        "@types/mocha": "^10.0.1",
        "@types/node": "^20.1.1"
      }
    },
    "node_modules/@types/mocha": {
      "version": "10.0.1",
      "resolved": "https://registry.npmjs.org/@types/mocha/-/mocha-10.0.1.tgz",
      "integrity": "sha512-/fvYntiO1GeICvqbQ3doGDIP97vWmvFt83GKguJ6prmQM2iXZfFcq6YE8KteFyRtX2/h5Hf91BYvPodJKFYv5Q==",
      "dev": true
    },
    "node_modules/@types/node": {
      "version": "20.1.1",
      "resolved": "https://registry.npmjs.org/@types/node/-/node-20.1.1.tgz",
      "integrity": "sha512-uKBEevTNb+l6/aCQaKVnUModfEMjAl98lw2Si9P5y4hLu9tm6AlX2ZIoXZX6Wh9lJueYPrGPKk5WMCNHg/u6/A==",
      "dev": true
    }
  }
}
